{
  "name": "quick-query-sqlite",
  "version": "0.3.2",
  "lockfileVersion": 1,
  "requires": true,
  "dependencies": {
    "sql.js": {
      "version": "git+https://github.com/fabianfiorotto/sql.js.git#1e719c9bc3257d2f5577d8db6b13da217fdb23ff",
      "from": "git+https://github.com/fabianfiorotto/sql.js.git#qq03"
    }
  }
}
