{
  "name": "quick-query-sqlite",
  "version": "0.3.2",
  "lockfileVersion": 1,
  "requires": true,
  "dependencies": {
    "sql.js": {
      "version": "git+https://github.com/fabianfiorotto/sql.js.git#2fc9bd4474154ef8ac8d68a02dc940da8c39dc26",
      "from": "git+https://github.com/fabianfiorotto/sql.js.git#qq"
    }
  }
}
